
Microsoft Visual Studio Solution File, Format Version 12.00
# Visual Studio 14
VisualStudioVersion = 14.0.23107.0
MinimumVisualStudioVersion = 10.0.40219.1
Project("{FAE04EC0-301F-11D3-BF4B-00C04F79EFBC}") = "Task1", "Task1\Task1.csproj", "{637F8808-5F24-4227-983F-2F07C29DD3B3}"
EndProject
Project("{FAE04EC0-301F-11D3-BF4B-00C04F79EFBC}") = "Task2", "Task2\Task2.csproj", "{655A5E0C-96D5-4C6E-ACB0-52FF405D646E}"
EndProject
Project("{FAE04EC0-301F-11D3-BF4B-00C04F79EFBC}") = "Task3", "Task3\Task3.csproj", "{478CC1E4-FA91-4237-9C5D-ED7A5D9A34BE}"
EndProject
Global
	GlobalSection(SolutionConfigurationPlatforms) = preSolution
		Debug|Any CPU = Debug|Any CPU
		Release|Any CPU = Release|Any CPU
	EndGlobalSection
	GlobalSection(ProjectConfigurationPlatforms) = postSolution
		{637F8808-5F24-4227-983F-2F07C29DD3B3}.Debug|Any CPU.ActiveCfg = Debug|Any CPU
		{637F8808-5F24-4227-983F-2F07C29DD3B3}.Debug|Any CPU.Build.0 = Debug|Any CPU
		{637F8808-5F24-4227-983F-2F07C29DD3B3}.Release|Any CPU.ActiveCfg = Release|Any CPU
		{637F8808-5F24-4227-983F-2F07C29DD3B3}.Release|Any CPU.Build.0 = Release|Any CPU
		{655A5E0C-96D5-4C6E-ACB0-52FF405D646E}.Debug|Any CPU.ActiveCfg = Debug|Any CPU
		{655A5E0C-96D5-4C6E-ACB0-52FF405D646E}.Debug|Any CPU.Build.0 = Debug|Any CPU
		{655A5E0C-96D5-4C6E-ACB0-52FF405D646E}.Release|Any CPU.ActiveCfg = Release|Any CPU
		{655A5E0C-96D5-4C6E-ACB0-52FF405D646E}.Release|Any CPU.Build.0 = Release|Any CPU
		{478CC1E4-FA91-4237-9C5D-ED7A5D9A34BE}.Debug|Any CPU.ActiveCfg = Debug|Any CPU
		{478CC1E4-FA91-4237-9C5D-ED7A5D9A34BE}.Debug|Any CPU.Build.0 = Debug|Any CPU
		{478CC1E4-FA91-4237-9C5D-ED7A5D9A34BE}.Release|Any CPU.ActiveCfg = Release|Any CPU
		{478CC1E4-FA91-4237-9C5D-ED7A5D9A34BE}.Release|Any CPU.Build.0 = Release|Any CPU
	EndGlobalSection
	GlobalSection(SolutionProperties) = preSolution
		HideSolutionNode = FALSE
	EndGlobalSection
EndGlobal
